
Microsoft Visual Studio Solution File, Format Version 11.00
# Visual Studio 2010
Project("{FAE04EC0-301F-11D3-BF4B-00C04F79EFBC}") = "KaBlooey.Console", "src\KaBlooey.Console.csproj", "{AAF26A64-7901-4342-BE20-095BD59DB109}"
EndProject
Project("{FAE04EC0-301F-11D3-BF4B-00C04F79EFBC}") = "KaBlooey.Engine", "src\KaBlooey.Engine\KaBlooey.Engine.csproj", "{E0BE44AF-93D7-47AC-ABB9-6723427D3345}"
EndProject
Project("{FAE04EC0-301F-11D3-BF4B-00C04F79EFBC}") = "KaBlooey.UnitTests", "tests\KaBlooey.UnitTests\KaBlooey.UnitTests.csproj", "{7F74DDBC-EC8A-403E-92B3-7D9FF8110361}"
EndProject
Project("{FAE04EC0-301F-11D3-BF4B-00C04F79EFBC}") = "KaBlooey.IntegrationTests", "tests\KaBlooey.IntegrationTests\KaBlooey.IntegrationTests.csproj", "{DAAF4FC5-5497-43DE-A66A-991678249855}"
EndProject
Project("{2150E333-8FDC-42A3-9474-1A3956D46DE8}") = "Solution Items", "Solution Items", "{C233ECA4-6476-4985-9326-80D69034568E}"
	ProjectSection(SolutionItems) = preProject
		.gitignore = .gitignore
		KaBlooey.vsmdi = KaBlooey.vsmdi
		Local.testsettings = Local.testsettings
		TraceAndTestImpact.testsettings = TraceAndTestImpact.testsettings
	EndProjectSection
EndProject
Global
	GlobalSection(TestCaseManagementSettings) = postSolution
		CategoryFile = KaBlooey.vsmdi
	EndGlobalSection
	GlobalSection(SolutionConfigurationPlatforms) = preSolution
		Debug|Any CPU = Debug|Any CPU
		Debug|Mixed Platforms = Debug|Mixed Platforms
		Debug|x86 = Debug|x86
		Release|Any CPU = Release|Any CPU
		Release|Mixed Platforms = Release|Mixed Platforms
		Release|x86 = Release|x86
	EndGlobalSection
	GlobalSection(ProjectConfigurationPlatforms) = postSolution
		{AAF26A64-7901-4342-BE20-095BD59DB109}.Debug|Any CPU.ActiveCfg = Debug|x86
		{AAF26A64-7901-4342-BE20-095BD59DB109}.Debug|Mixed Platforms.ActiveCfg = Debug|x86
		{AAF26A64-7901-4342-BE20-095BD59DB109}.Debug|Mixed Platforms.Build.0 = Debug|x86
		{AAF26A64-7901-4342-BE20-095BD59DB109}.Debug|x86.ActiveCfg = Debug|x86
		{AAF26A64-7901-4342-BE20-095BD59DB109}.Debug|x86.Build.0 = Debug|x86
		{AAF26A64-7901-4342-BE20-095BD59DB109}.Release|Any CPU.ActiveCfg = Release|x86
		{AAF26A64-7901-4342-BE20-095BD59DB109}.Release|Mixed Platforms.ActiveCfg = Release|x86
		{AAF26A64-7901-4342-BE20-095BD59DB109}.Release|Mixed Platforms.Build.0 = Release|x86
		{AAF26A64-7901-4342-BE20-095BD59DB109}.Release|x86.ActiveCfg = Release|x86
		{AAF26A64-7901-4342-BE20-095BD59DB109}.Release|x86.Build.0 = Release|x86
		{E0BE44AF-93D7-47AC-ABB9-6723427D3345}.Debug|Any CPU.ActiveCfg = Debug|x86
		{E0BE44AF-93D7-47AC-ABB9-6723427D3345}.Debug|Mixed Platforms.ActiveCfg = Debug|x86
		{E0BE44AF-93D7-47AC-ABB9-6723427D3345}.Debug|Mixed Platforms.Build.0 = Debug|x86
		{E0BE44AF-93D7-47AC-ABB9-6723427D3345}.Debug|x86.ActiveCfg = Debug|x86
		{E0BE44AF-93D7-47AC-ABB9-6723427D3345}.Debug|x86.Build.0 = Debug|x86
		{E0BE44AF-93D7-47AC-ABB9-6723427D3345}.Release|Any CPU.ActiveCfg = Release|x86
		{E0BE44AF-93D7-47AC-ABB9-6723427D3345}.Release|Mixed Platforms.ActiveCfg = Release|x86
		{E0BE44AF-93D7-47AC-ABB9-6723427D3345}.Release|Mixed Platforms.Build.0 = Release|x86
		{E0BE44AF-93D7-47AC-ABB9-6723427D3345}.Release|x86.ActiveCfg = Release|x86
		{E0BE44AF-93D7-47AC-ABB9-6723427D3345}.Release|x86.Build.0 = Release|x86
		{7F74DDBC-EC8A-403E-92B3-7D9FF8110361}.Debug|Any CPU.ActiveCfg = Debug|Any CPU
		{7F74DDBC-EC8A-403E-92B3-7D9FF8110361}.Debug|Any CPU.Build.0 = Debug|Any CPU
		{7F74DDBC-EC8A-403E-92B3-7D9FF8110361}.Debug|Mixed Platforms.ActiveCfg = Debug|Any CPU
		{7F74DDBC-EC8A-403E-92B3-7D9FF8110361}.Debug|Mixed Platforms.Build.0 = Debug|Any CPU
		{7F74DDBC-EC8A-403E-92B3-7D9FF8110361}.Debug|x86.ActiveCfg = Debug|Any CPU
		{7F74DDBC-EC8A-403E-92B3-7D9FF8110361}.Release|Any CPU.ActiveCfg = Release|Any CPU
		{7F74DDBC-EC8A-403E-92B3-7D9FF8110361}.Release|Any CPU.Build.0 = Release|Any CPU
		{7F74DDBC-EC8A-403E-92B3-7D9FF8110361}.Release|Mixed Platforms.ActiveCfg = Release|Any CPU
		{7F74DDBC-EC8A-403E-92B3-7D9FF8110361}.Release|Mixed Platforms.Build.0 = Release|Any CPU
		{7F74DDBC-EC8A-403E-92B3-7D9FF8110361}.Release|x86.ActiveCfg = Release|Any CPU
		{DAAF4FC5-5497-43DE-A66A-991678249855}.Debug|Any CPU.ActiveCfg = Debug|Any CPU
		{DAAF4FC5-5497-43DE-A66A-991678249855}.Debug|Any CPU.Build.0 = Debug|Any CPU
		{DAAF4FC5-5497-43DE-A66A-991678249855}.Debug|Mixed Platforms.ActiveCfg = Debug|Any CPU
		{DAAF4FC5-5497-43DE-A66A-991678249855}.Debug|Mixed Platforms.Build.0 = Debug|Any CPU
		{DAAF4FC5-5497-43DE-A66A-991678249855}.Debug|x86.ActiveCfg = Debug|Any CPU
		{DAAF4FC5-5497-43DE-A66A-991678249855}.Release|Any CPU.ActiveCfg = Release|Any CPU
		{DAAF4FC5-5497-43DE-A66A-991678249855}.Release|Any CPU.Build.0 = Release|Any CPU
		{DAAF4FC5-5497-43DE-A66A-991678249855}.Release|Mixed Platforms.ActiveCfg = Release|Any CPU
		{DAAF4FC5-5497-43DE-A66A-991678249855}.Release|Mixed Platforms.Build.0 = Release|Any CPU
		{DAAF4FC5-5497-43DE-A66A-991678249855}.Release|x86.ActiveCfg = Release|Any CPU
	EndGlobalSection
	GlobalSection(SolutionProperties) = preSolution
		HideSolutionNode = FALSE
	EndGlobalSection
	GlobalSection(MonoDevelopProperties) = preSolution
		StartupItem = ..\tests\KaBlooey.UnitTests\KaBlooey.UnitTests.csproj
	EndGlobalSection
EndGlobal
